
Microsoft Visual Studio Solution File, Format Version 12.00
# Visual Studio Version 17
VisualStudioVersion = 17.13.35919.96
MinimumVisualStudioVersion = 10.0.40219.1
Project("{FAE04EC0-301F-11D3-BF4B-00C04F79EFBC}") = "GonzalezFNotes", "GonzalezFNotes.csproj", "{1D30AAAB-A13B-4516-A31D-B8B0D0AE360B}"
EndProject
Global
	GlobalSection(SolutionConfigurationPlatforms) = preSolution
		Debug|Any CPU = Debug|Any CPU
		Release|Any CPU = Release|Any CPU
	EndGlobalSection
	GlobalSection(ProjectConfigurationPlatforms) = postSolution
		{1D30AAAB-A13B-4516-A31D-B8B0D0AE360B}.Debug|Any CPU.ActiveCfg = Debug|Any CPU
		{1D30AAAB-A13B-4516-A31D-B8B0D0AE360B}.Debug|Any CPU.Build.0 = Debug|Any CPU
		{1D30AAAB-A13B-4516-A31D-B8B0D0AE360B}.Debug|Any CPU.Deploy.0 = Debug|Any CPU
		{1D30AAAB-A13B-4516-A31D-B8B0D0AE360B}.Release|Any CPU.ActiveCfg = Release|Any CPU
		{1D30AAAB-A13B-4516-A31D-B8B0D0AE360B}.Release|Any CPU.Build.0 = Release|Any CPU
		{1D30AAAB-A13B-4516-A31D-B8B0D0AE360B}.Release|Any CPU.Deploy.0 = Release|Any CPU
	EndGlobalSection
	GlobalSection(SolutionProperties) = preSolution
		HideSolutionNode = FALSE
	EndGlobalSection
	GlobalSection(ExtensibilityGlobals) = postSolution
		SolutionGuid = {876A391E-24AA-4B22-9A6E-690C4E3B6CD3}
	EndGlobalSection
EndGlobal
